
Microsoft Visual Studio Solution File, Format Version 12.00
# Visual Studio Version 17
VisualStudioVersion = 17.7.34003.232
MinimumVisualStudioVersion = 10.0.40219.1
Project("{FAE04EC0-301F-11D3-BF4B-00C04F79EFBC}") = "Demo", "Demo\Demo.csproj", "{F9B068DB-0C7A-4D85-8ECC-F7E732420186}"
EndProject
Global
	GlobalSection(SolutionConfigurationPlatforms) = preSolution
		Debug|Any CPU = Debug|Any CPU
		Release|Any CPU = Release|Any CPU
	EndGlobalSection
	GlobalSection(ProjectConfigurationPlatforms) = postSolution
		{F9B068DB-0C7A-4D85-8ECC-F7E732420186}.Debug|Any CPU.ActiveCfg = Debug|Any CPU
		{F9B068DB-0C7A-4D85-8ECC-F7E732420186}.Debug|Any CPU.Build.0 = Debug|Any CPU
		{F9B068DB-0C7A-4D85-8ECC-F7E732420186}.Release|Any CPU.ActiveCfg = Release|Any CPU
		{F9B068DB-0C7A-4D85-8ECC-F7E732420186}.Release|Any CPU.Build.0 = Release|Any CPU
	EndGlobalSection
	GlobalSection(SolutionProperties) = preSolution
		HideSolutionNode = FALSE
	EndGlobalSection
	GlobalSection(ExtensibilityGlobals) = postSolution
		SolutionGuid = {404607C2-E5AD-4036-B577-5BFED22BCEA4}
	EndGlobalSection
EndGlobal
